
Microsoft Visual Studio Solution File, Format Version 12.00
# Visual Studio Version 18
VisualStudioVersion = 18.5.11723.231
MinimumVisualStudioVersion = 10.0.40219.1
Project("{FAE04EC0-301F-11D3-BF4B-00C04F79EFBC}") = "Airlines_Radosteva", "Airlines_Radosteva\Airlines_Radosteva.csproj", "{D9FF720D-7E43-4637-BDC0-DDF68547DABE}"
EndProject
Project("{FAE04EC0-301F-11D3-BF4B-00C04F79EFBC}") = "WorkingDB", "WorkingDB\WorkingDB.csproj", "{2E8F5D76-D099-43C7-B85F-DCB5158452A6}"
EndProject
Global
	GlobalSection(SolutionConfigurationPlatforms) = preSolution
		Debug|Any CPU = Debug|Any CPU
		Release|Any CPU = Release|Any CPU
	EndGlobalSection
	GlobalSection(ProjectConfigurationPlatforms) = postSolution
		{D9FF720D-7E43-4637-BDC0-DDF68547DABE}.Debug|Any CPU.ActiveCfg = Debug|Any CPU
		{D9FF720D-7E43-4637-BDC0-DDF68547DABE}.Debug|Any CPU.Build.0 = Debug|Any CPU
		{D9FF720D-7E43-4637-BDC0-DDF68547DABE}.Release|Any CPU.ActiveCfg = Release|Any CPU
		{D9FF720D-7E43-4637-BDC0-DDF68547DABE}.Release|Any CPU.Build.0 = Release|Any CPU
		{2E8F5D76-D099-43C7-B85F-DCB5158452A6}.Debug|Any CPU.ActiveCfg = Debug|Any CPU
		{2E8F5D76-D099-43C7-B85F-DCB5158452A6}.Debug|Any CPU.Build.0 = Debug|Any CPU
		{2E8F5D76-D099-43C7-B85F-DCB5158452A6}.Release|Any CPU.ActiveCfg = Release|Any CPU
		{2E8F5D76-D099-43C7-B85F-DCB5158452A6}.Release|Any CPU.Build.0 = Release|Any CPU
	EndGlobalSection
	GlobalSection(SolutionProperties) = preSolution
		HideSolutionNode = FALSE
	EndGlobalSection
	GlobalSection(ExtensibilityGlobals) = postSolution
		SolutionGuid = {C47D4361-3A55-4D71-B033-DBA1FC9AFCD4}
	EndGlobalSection
EndGlobal
